// !$*UTF8*$!
{
	archiveVersion = 1;
	classes = {
	};
	objectVersion = 46;
	objects = {

/* Begin PBXBuildFile section */
		176143DD1A48AF650003C455 /* LoginController.swift in Sources */ = {isa = PBXBuildFile; fileRef = 176143DC1A48AF650003C455 /* LoginController.swift */; };
		176143E11A48C50E0003C455 /* RoomsTableViewController.swift in Sources */ = {isa = PBXBuildFile; fileRef = 176143E01A48C50E0003C455 /* RoomsTableViewController.swift */; };
		176143E31A48CBCE0003C455 /* AddController.swift in Sources */ = {isa = PBXBuildFile; fileRef = 176143E21A48CBCE0003C455 /* AddController.swift */; };
		176143E51A48CEDF0003C455 /* SettingsController.swift in Sources */ = {isa = PBXBuildFile; fileRef = 176143E41A48CEDF0003C455 /* SettingsController.swift */; };
		176143E71A48D01D0003C455 /* RoomController.swift in Sources */ = {isa = PBXBuildFile; fileRef = 176143E61A48D01D0003C455 /* RoomController.swift */; };
		176143F21A48E29F0003C455 /* Calibri Bold Italic.ttf in Resources */ = {isa = PBXBuildFile; fileRef = 176143EE1A48E29F0003C455 /* Calibri Bold Italic.ttf */; };
		176143F31A48E29F0003C455 /* Calibri Bold.ttf in Resources */ = {isa = PBXBuildFile; fileRef = 176143EF1A48E29F0003C455 /* Calibri Bold.ttf */; };
		176143F41A48E29F0003C455 /* Calibri Italic.ttf in Resources */ = {isa = PBXBuildFile; fileRef = 176143F01A48E29F0003C455 /* Calibri Italic.ttf */; };
		176143F51A48E29F0003C455 /* Calibri.ttf in Resources */ = {isa = PBXBuildFile; fileRef = 176143F11A48E29F0003C455 /* Calibri.ttf */; };
		176143F61A48E3030003C455 /* LaunchScreen.xib in Resources */ = {isa = PBXBuildFile; fileRef = 17DEB9DE1A4765BC00B7184A /* LaunchScreen.xib */; };
		176143F71A48E3060003C455 /* Main.storyboard in Resources */ = {isa = PBXBuildFile; fileRef = 17DEB9D91A4765BC00B7184A /* Main.storyboard */; };
		17DEB9D61A4765BC00B7184A /* AppDelegate.swift in Sources */ = {isa = PBXBuildFile; fileRef = 17DEB9D51A4765BC00B7184A /* AppDelegate.swift */; };
		17DEB9D81A4765BC00B7184A /* ViewController.swift in Sources */ = {isa = PBXBuildFile; fileRef = 17DEB9D71A4765BC00B7184A /* ViewController.swift */; };
		17DEB9DD1A4765BC00B7184A /* Images.xcassets in Resources */ = {isa = PBXBuildFile; fileRef = 17DEB9DC1A4765BC00B7184A /* Images.xcassets */; };
		17DEB9EC1A4765BC00B7184A /* AliveTests.swift in Sources */ = {isa = PBXBuildFile; fileRef = 17DEB9EB1A4765BC00B7184A /* AliveTests.swift */; };
		17DEB9F61A47696B00B7184A /* RoomList.swift in Sources */ = {isa = PBXBuildFile; fileRef = 17DEB9F51A47696B00B7184A /* RoomList.swift */; };
		17DEB9FC1A4789B600B7184A /* NavigationController.swift in Sources */ = {isa = PBXBuildFile; fileRef = 17DEB9FB1A4789B600B7184A /* NavigationController.swift */; };
		4A4079201A9EBBA00002022A /* HTTPEndpoint.swift in Sources */ = {isa = PBXBuildFile; fileRef = 4A40791F1A9EBBA00002022A /* HTTPEndpoint.swift */; };
		4A4079221A9ECED80002022A /* UIUtil.swift in Sources */ = {isa = PBXBuildFile; fileRef = 4A4079211A9ECED80002022A /* UIUtil.swift */; };
		4A770A1B1AA3DA6D007F03C7 /* SRWebSocket.m in Sources */ = {isa = PBXBuildFile; fileRef = 4A770A1A1AA3DA6D007F03C7 /* SRWebSocket.m */; };
		4A770A1F1AA3DC27007F03C7 /* libicucore.dylib in Frameworks */ = {isa = PBXBuildFile; fileRef = 4A770A1E1AA3DC27007F03C7 /* libicucore.dylib */; };
		4A770A251AA3DCC8007F03C7 /* SocketAckHandler.swift in Sources */ = {isa = PBXBuildFile; fileRef = 4A770A201AA3DCC8007F03C7 /* SocketAckHandler.swift */; };
		4A770A261AA3DCC8007F03C7 /* SocketEvent.swift in Sources */ = {isa = PBXBuildFile; fileRef = 4A770A211AA3DCC8007F03C7 /* SocketEvent.swift */; };
		4A770A271AA3DCC8007F03C7 /* SocketEventHandler.swift in Sources */ = {isa = PBXBuildFile; fileRef = 4A770A221AA3DCC8007F03C7 /* SocketEventHandler.swift */; };
		4A770A281AA3DCC8007F03C7 /* SocketIOClient.swift in Sources */ = {isa = PBXBuildFile; fileRef = 4A770A231AA3DCC8007F03C7 /* SocketIOClient.swift */; };
		4A770A291AA3DCC8007F03C7 /* SwiftRegex.swift in Sources */ = {isa = PBXBuildFile; fileRef = 4A770A241AA3DCC8007F03C7 /* SwiftRegex.swift */; };
		93B327E6DBAD78AC709F8A4F /* Pods.framework in Frameworks */ = {isa = PBXBuildFile; fileRef = E2FAA9BE7A6E6E303EB233B6 /* Pods.framework */; settings = {ATTRIBUTES = (Weak, ); }; };
/* End PBXBuildFile section */

/* Begin PBXContainerItemProxy section */
		17DEB9E61A4765BC00B7184A /* PBXContainerItemProxy */ = {
			isa = PBXContainerItemProxy;
			containerPortal = 17DEB9C81A4765BC00B7184A /* Project object */;
			proxyType = 1;
			remoteGlobalIDString = 17DEB9CF1A4765BC00B7184A;
			remoteInfo = Alive;
		};
/* End PBXContainerItemProxy section */

/* Begin PBXFileReference section */
		176143DC1A48AF650003C455 /* LoginController.swift */ = {isa = PBXFileReference; fileEncoding = 4; lastKnownFileType = sourcecode.swift; path = LoginController.swift; sourceTree = "<group>"; };
		176143E01A48C50E0003C455 /* RoomsTableViewController.swift */ = {isa = PBXFileReference; fileEncoding = 4; lastKnownFileType = sourcecode.swift; path = RoomsTableViewController.swift; sourceTree = "<group>"; };
		176143E21A48CBCE0003C455 /* AddController.swift */ = {isa = PBXFileReference; fileEncoding = 4; lastKnownFileType = sourcecode.swift; path = AddController.swift; sourceTree = "<group>"; };
		176143E41A48CEDF0003C455 /* SettingsController.swift */ = {isa = PBXFileReference; fileEncoding = 4; lastKnownFileType = sourcecode.swift; path = SettingsController.swift; sourceTree = "<group>"; };
		176143E61A48D01D0003C455 /* RoomController.swift */ = {isa = PBXFileReference; fileEncoding = 4; lastKnownFileType = sourcecode.swift; path = RoomController.swift; sourceTree = "<group>"; };
		176143EE1A48E29F0003C455 /* Calibri Bold Italic.ttf */ = {isa = PBXFileReference; lastKnownFileType = file; path = "Calibri Bold Italic.ttf"; sourceTree = "<group>"; };
		176143EF1A48E29F0003C455 /* Calibri Bold.ttf */ = {isa = PBXFileReference; lastKnownFileType = file; path = "Calibri Bold.ttf"; sourceTree = "<group>"; };
		176143F01A48E29F0003C455 /* Calibri Italic.ttf */ = {isa = PBXFileReference; lastKnownFileType = file; path = "Calibri Italic.ttf"; sourceTree = "<group>"; };
		176143F11A48E29F0003C455 /* Calibri.ttf */ = {isa = PBXFileReference; lastKnownFileType = file; path = Calibri.ttf; sourceTree = "<group>"; };
		17DEB9D01A4765BC00B7184A /* Alive.app */ = {isa = PBXFileReference; explicitFileType = wrapper.application; includeInIndex = 0; path = Alive.app; sourceTree = BUILT_PRODUCTS_DIR; };
		17DEB9D41A4765BC00B7184A /* Info.plist */ = {isa = PBXFileReference; lastKnownFileType = text.plist.xml; path = Info.plist; sourceTree = "<group>"; };
		17DEB9D51A4765BC00B7184A /* AppDelegate.swift */ = {isa = PBXFileReference; lastKnownFileType = sourcecode.swift; path = AppDelegate.swift; sourceTree = "<group>"; };
		17DEB9D71A4765BC00B7184A /* ViewController.swift */ = {isa = PBXFileReference; lastKnownFileType = sourcecode.swift; path = ViewController.swift; sourceTree = "<group>"; };
		17DEB9DA1A4765BC00B7184A /* Base */ = {isa = PBXFileReference; lastKnownFileType = file.storyboard; name = Base; path = Base.lproj/Main.storyboard; sourceTree = "<group>"; };
		17DEB9DC1A4765BC00B7184A /* Images.xcassets */ = {isa = PBXFileReference; lastKnownFileType = folder.assetcatalog; path = Images.xcassets; sourceTree = "<group>"; };
		17DEB9DF1A4765BC00B7184A /* Base */ = {isa = PBXFileReference; lastKnownFileType = file.xib; name = Base; path = Base.lproj/LaunchScreen.xib; sourceTree = "<group>"; };
		17DEB9E51A4765BC00B7184A /* AliveTests.xctest */ = {isa = PBXFileReference; explicitFileType = wrapper.cfbundle; includeInIndex = 0; path = AliveTests.xctest; sourceTree = BUILT_PRODUCTS_DIR; };
		17DEB9EA1A4765BC00B7184A /* Info.plist */ = {isa = PBXFileReference; lastKnownFileType = text.plist.xml; path = Info.plist; sourceTree = "<group>"; };
		17DEB9EB1A4765BC00B7184A /* AliveTests.swift */ = {isa = PBXFileReference; lastKnownFileType = sourcecode.swift; path = AliveTests.swift; sourceTree = "<group>"; };
		17DEB9F51A47696B00B7184A /* RoomList.swift */ = {isa = PBXFileReference; fileEncoding = 4; lastKnownFileType = sourcecode.swift; path = RoomList.swift; sourceTree = "<group>"; };
		17DEB9FB1A4789B600B7184A /* NavigationController.swift */ = {isa = PBXFileReference; fileEncoding = 4; lastKnownFileType = sourcecode.swift; path = NavigationController.swift; sourceTree = "<group>"; };
		3919A5A194556FA183225DB1 /* Pods.release.xcconfig */ = {isa = PBXFileReference; includeInIndex = 1; lastKnownFileType = text.xcconfig; name = Pods.release.xcconfig; path = "Pods/Target Support Files/Pods/Pods.release.xcconfig"; sourceTree = "<group>"; };
		4A40791F1A9EBBA00002022A /* HTTPEndpoint.swift */ = {isa = PBXFileReference; fileEncoding = 4; lastKnownFileType = sourcecode.swift; path = HTTPEndpoint.swift; sourceTree = "<group>"; };
		4A4079211A9ECED80002022A /* UIUtil.swift */ = {isa = PBXFileReference; fileEncoding = 4; lastKnownFileType = sourcecode.swift; path = UIUtil.swift; sourceTree = "<group>"; };
		4A770A171AA3DA6B007F03C7 /* Alive-Bridging-Header.h */ = {isa = PBXFileReference; lastKnownFileType = sourcecode.c.h; path = "Alive-Bridging-Header.h"; sourceTree = "<group>"; };
		4A770A181AA3DA6D007F03C7 /* SocketRocket-Prefix.pch */ = {isa = PBXFileReference; fileEncoding = 4; lastKnownFileType = sourcecode.c.h; path = "SocketRocket-Prefix.pch"; sourceTree = "<group>"; };
		4A770A191AA3DA6D007F03C7 /* SRWebSocket.h */ = {isa = PBXFileReference; fileEncoding = 4; lastKnownFileType = sourcecode.c.h; path = SRWebSocket.h; sourceTree = "<group>"; };
		4A770A1A1AA3DA6D007F03C7 /* SRWebSocket.m */ = {isa = PBXFileReference; fileEncoding = 4; lastKnownFileType = sourcecode.c.objc; path = SRWebSocket.m; sourceTree = "<group>"; };
		4A770A1C1AA3DC0B007F03C7 /* Foundation.framework */ = {isa = PBXFileReference; lastKnownFileType = wrapper.framework; name = Foundation.framework; path = System/Library/Frameworks/Foundation.framework; sourceTree = SDKROOT; };
		4A770A1E1AA3DC27007F03C7 /* libicucore.dylib */ = {isa = PBXFileReference; lastKnownFileType = "compiled.mach-o.dylib"; name = libicucore.dylib; path = usr/lib/libicucore.dylib; sourceTree = SDKROOT; };
		4A770A201AA3DCC8007F03C7 /* SocketAckHandler.swift */ = {isa = PBXFileReference; fileEncoding = 4; lastKnownFileType = sourcecode.swift; path = SocketAckHandler.swift; sourceTree = "<group>"; };
		4A770A211AA3DCC8007F03C7 /* SocketEvent.swift */ = {isa = PBXFileReference; fileEncoding = 4; lastKnownFileType = sourcecode.swift; path = SocketEvent.swift; sourceTree = "<group>"; };
		4A770A221AA3DCC8007F03C7 /* SocketEventHandler.swift */ = {isa = PBXFileReference; fileEncoding = 4; lastKnownFileType = sourcecode.swift; path = SocketEventHandler.swift; sourceTree = "<group>"; };
		4A770A231AA3DCC8007F03C7 /* SocketIOClient.swift */ = {isa = PBXFileReference; fileEncoding = 4; lastKnownFileType = sourcecode.swift; path = SocketIOClient.swift; sourceTree = "<group>"; };
		4A770A241AA3DCC8007F03C7 /* SwiftRegex.swift */ = {isa = PBXFileReference; fileEncoding = 4; lastKnownFileType = sourcecode.swift; path = SwiftRegex.swift; sourceTree = "<group>"; };
		DA1A9A987489A54DF1855F51 /* Pods.debug.xcconfig */ = {isa = PBXFileReference; includeInIndex = 1; lastKnownFileType = text.xcconfig; name = Pods.debug.xcconfig; path = "Pods/Target Support Files/Pods/Pods.debug.xcconfig"; sourceTree = "<group>"; };
		E2FAA9BE7A6E6E303EB233B6 /* Pods.framework */ = {isa = PBXFileReference; explicitFileType = wrapper.framework; includeInIndex = 0; path = Pods.framework; sourceTree = BUILT_PRODUCTS_DIR; };
/* End PBXFileReference section */

/* Begin PBXFrameworksBuildPhase section */
		17DEB9CD1A4765BC00B7184A /* Frameworks */ = {
			isa = PBXFrameworksBuildPhase;
			buildActionMask = 2147483647;
			files = (
				4A770A1F1AA3DC27007F03C7 /* libicucore.dylib in Frameworks */,
				93B327E6DBAD78AC709F8A4F /* Pods.framework in Frameworks */,
			);
			runOnlyForDeploymentPostprocessing = 0;
		};
		17DEB9E21A4765BC00B7184A /* Frameworks */ = {
			isa = PBXFrameworksBuildPhase;
			buildActionMask = 2147483647;
			files = (
			);
			runOnlyForDeploymentPostprocessing = 0;
		};
/* End PBXFrameworksBuildPhase section */

/* Begin PBXGroup section */
		12AC2DB5F5EC9376426BE699 /* Frameworks */ = {
			isa = PBXGroup;
			children = (
				4A770A1E1AA3DC27007F03C7 /* libicucore.dylib */,
				4A770A1C1AA3DC0B007F03C7 /* Foundation.framework */,
				E2FAA9BE7A6E6E303EB233B6 /* Pods.framework */,
			);
			name = Frameworks;
			sourceTree = "<group>";
		};
		176143EC1A48E0EA0003C455 /* Resources */ = {
			isa = PBXGroup;
			children = (
				176143ED1A48E1060003C455 /* Fonts */,
			);
			name = Resources;
			sourceTree = "<group>";
		};
		176143ED1A48E1060003C455 /* Fonts */ = {
			isa = PBXGroup;
			children = (
				176143EE1A48E29F0003C455 /* Calibri Bold Italic.ttf */,
				176143EF1A48E29F0003C455 /* Calibri Bold.ttf */,
				176143F01A48E29F0003C455 /* Calibri Italic.ttf */,
				176143F11A48E29F0003C455 /* Calibri.ttf */,
			);
			name = Fonts;
			sourceTree = "<group>";
		};
		17DEB9C71A4765BC00B7184A = {
			isa = PBXGroup;
			children = (
				17DEB9D21A4765BC00B7184A /* Alive */,
				17DEB9E81A4765BC00B7184A /* AliveTests */,
				17DEB9D11A4765BC00B7184A /* Products */,
				C9FB090E67DE878A2AEB8C51 /* Pods */,
				12AC2DB5F5EC9376426BE699 /* Frameworks */,
			);
			sourceTree = "<group>";
		};
		17DEB9D11A4765BC00B7184A /* Products */ = {
			isa = PBXGroup;
			children = (
				17DEB9D01A4765BC00B7184A /* Alive.app */,
				17DEB9E51A4765BC00B7184A /* AliveTests.xctest */,
			);
			name = Products;
			sourceTree = "<group>";
		};
		17DEB9D21A4765BC00B7184A /* Alive */ = {
			isa = PBXGroup;
			children = (
				4A770A2B1AA3DCE1007F03C7 /* socketIO */,
				17DEB9D51A4765BC00B7184A /* AppDelegate.swift */,
				17DEB9D91A4765BC00B7184A /* Main.storyboard */,
				17DEB9D71A4765BC00B7184A /* ViewController.swift */,
				176143DC1A48AF650003C455 /* LoginController.swift */,
				4A4079211A9ECED80002022A /* UIUtil.swift */,
				17DEB9FB1A4789B600B7184A /* NavigationController.swift */,
				176143E01A48C50E0003C455 /* RoomsTableViewController.swift */,
				4A40791F1A9EBBA00002022A /* HTTPEndpoint.swift */,
				176143E61A48D01D0003C455 /* RoomController.swift */,
				176143E21A48CBCE0003C455 /* AddController.swift */,
				176143E41A48CEDF0003C455 /* SettingsController.swift */,
				17DEB9DC1A4765BC00B7184A /* Images.xcassets */,
				17DEB9DE1A4765BC00B7184A /* LaunchScreen.xib */,
				176143EC1A48E0EA0003C455 /* Resources */,
				17DEB9D31A4765BC00B7184A /* Supporting Files */,
				17DEB9F51A47696B00B7184A /* RoomList.swift */,
				4A770A171AA3DA6B007F03C7 /* Alive-Bridging-Header.h */,
			);
			path = Alive;
			sourceTree = "<group>";
		};
		17DEB9D31A4765BC00B7184A /* Supporting Files */ = {
			isa = PBXGroup;
			children = (
				17DEB9D41A4765BC00B7184A /* Info.plist */,
			);
			name = "Supporting Files";
			sourceTree = "<group>";
		};
		17DEB9E81A4765BC00B7184A /* AliveTests */ = {
			isa = PBXGroup;
			children = (
				17DEB9EB1A4765BC00B7184A /* AliveTests.swift */,
				17DEB9E91A4765BC00B7184A /* Supporting Files */,
			);
			path = AliveTests;
			sourceTree = "<group>";
		};
		17DEB9E91A4765BC00B7184A /* Supporting Files */ = {
			isa = PBXGroup;
			children = (
				17DEB9EA1A4765BC00B7184A /* Info.plist */,
			);
			name = "Supporting Files";
			sourceTree = "<group>";
		};
		4A770A2B1AA3DCE1007F03C7 /* socketIO */ = {
			isa = PBXGroup;
			children = (
				4A770A201AA3DCC8007F03C7 /* SocketAckHandler.swift */,
				4A770A211AA3DCC8007F03C7 /* SocketEvent.swift */,
				4A770A221AA3DCC8007F03C7 /* SocketEventHandler.swift */,
				4A770A231AA3DCC8007F03C7 /* SocketIOClient.swift */,
				4A770A241AA3DCC8007F03C7 /* SwiftRegex.swift */,
				4A770A181AA3DA6D007F03C7 /* SocketRocket-Prefix.pch */,
				4A770A191AA3DA6D007F03C7 /* SRWebSocket.h */,
				4A770A1A1AA3DA6D007F03C7 /* SRWebSocket.m */,
			);
			name = socketIO;
			sourceTree = "<group>";
		};
		C9FB090E67DE878A2AEB8C51 /* Pods */ = {
			isa = PBXGroup;
			children = (
				DA1A9A987489A54DF1855F51 /* Pods.debug.xcconfig */,
				3919A5A194556FA183225DB1 /* Pods.release.xcconfig */,
			);
			name = Pods;
			sourceTree = "<group>";
		};
/* End PBXGroup section */

/* Begin PBXNativeTarget section */
		17DEB9CF1A4765BC00B7184A /* Alive */ = {
			isa = PBXNativeTarget;
			buildConfigurationList = 17DEB9EF1A4765BC00B7184A /* Build configuration list for PBXNativeTarget "Alive" */;
			buildPhases = (
				9A09F9F6A9458091EC521CB2 /* Check Pods Manifest.lock */,
				17DEB9CC1A4765BC00B7184A /* Sources */,
				17DEB9CD1A4765BC00B7184A /* Frameworks */,
				17DEB9CE1A4765BC00B7184A /* Resources */,
				77FE727A315628934F2D22A7 /* Embed Pods Frameworks */,
				A3C30C21C0A3077EE9A8E71F /* Copy Pods Resources */,
			);
			buildRules = (
			);
			dependencies = (
			);
			name = Alive;
			productName = Alive;
			productReference = 17DEB9D01A4765BC00B7184A /* Alive.app */;
			productType = "com.apple.product-type.application";
		};
		17DEB9E41A4765BC00B7184A /* AliveTests */ = {
			isa = PBXNativeTarget;
			buildConfigurationList = 17DEB9F21A4765BC00B7184A /* Build configuration list for PBXNativeTarget "AliveTests" */;
			buildPhases = (
				17DEB9E11A4765BC00B7184A /* Sources */,
				17DEB9E21A4765BC00B7184A /* Frameworks */,
				17DEB9E31A4765BC00B7184A /* Resources */,
			);
			buildRules = (
			);
			dependencies = (
				17DEB9E71A4765BC00B7184A /* PBXTargetDependency */,
			);
			name = AliveTests;
			productName = AliveTests;
			productReference = 17DEB9E51A4765BC00B7184A /* AliveTests.xctest */;
			productType = "com.apple.product-type.bundle.unit-test";
		};
/* End PBXNativeTarget section */

/* Begin PBXProject section */
		17DEB9C81A4765BC00B7184A /* Project object */ = {
			isa = PBXProject;
			attributes = {
				LastUpgradeCheck = 0610;
				ORGANIZATIONNAME = "Cody R Fitzgerald";
				TargetAttributes = {
					17DEB9CF1A4765BC00B7184A = {
						CreatedOnToolsVersion = 6.1.1;
					};
					17DEB9E41A4765BC00B7184A = {
						CreatedOnToolsVersion = 6.1.1;
						TestTargetID = 17DEB9CF1A4765BC00B7184A;
					};
				};
			};
			buildConfigurationList = 17DEB9CB1A4765BC00B7184A /* Build configuration list for PBXProject "alive" */;
			compatibilityVersion = "Xcode 3.2";
			developmentRegion = English;
			hasScannedForEncodings = 0;
			knownRegions = (
				en,
				Base,
			);
			mainGroup = 17DEB9C71A4765BC00B7184A;
			productRefGroup = 17DEB9D11A4765BC00B7184A /* Products */;
			projectDirPath = "";
			projectRoot = "";
			targets = (
				17DEB9CF1A4765BC00B7184A /* Alive */,
				17DEB9E41A4765BC00B7184A /* AliveTests */,
			);
		};
/* End PBXProject section */

/* Begin PBXResourcesBuildPhase section */
		17DEB9CE1A4765BC00B7184A /* Resources */ = {
			isa = PBXResourcesBuildPhase;
			buildActionMask = 2147483647;
			files = (
				176143F41A48E29F0003C455 /* Calibri Italic.ttf in Resources */,
				176143F21A48E29F0003C455 /* Calibri Bold Italic.ttf in Resources */,
				176143F51A48E29F0003C455 /* Calibri.ttf in Resources */,
				176143F71A48E3060003C455 /* Main.storyboard in Resources */,
				176143F61A48E3030003C455 /* LaunchScreen.xib in Resources */,
				17DEB9DD1A4765BC00B7184A /* Images.xcassets in Resources */,
				176143F31A48E29F0003C455 /* Calibri Bold.ttf in Resources */,
			);
			runOnlyForDeploymentPostprocessing = 0;
		};
		17DEB9E31A4765BC00B7184A /* Resources */ = {
			isa = PBXResourcesBuildPhase;
			buildActionMask = 2147483647;
			files = (
			);
			runOnlyForDeploymentPostprocessing = 0;
		};
/* End PBXResourcesBuildPhase section */

/* Begin PBXShellScriptBuildPhase section */
		77FE727A315628934F2D22A7 /* Embed Pods Frameworks */ = {
			isa = PBXShellScriptBuildPhase;
			buildActionMask = 2147483647;
			files = (
			);
			inputPaths = (
			);
			name = "Embed Pods Frameworks";
			outputPaths = (
			);
			runOnlyForDeploymentPostprocessing = 0;
			shellPath = /bin/sh;
			shellScript = "\"${SRCROOT}/Pods/Target Support Files/Pods/Pods-frameworks.sh\"\n";
			showEnvVarsInLog = 0;
		};
		9A09F9F6A9458091EC521CB2 /* Check Pods Manifest.lock */ = {
			isa = PBXShellScriptBuildPhase;
			buildActionMask = 2147483647;
			files = (
			);
			inputPaths = (
			);
			name = "Check Pods Manifest.lock";
			outputPaths = (
			);
			runOnlyForDeploymentPostprocessing = 0;
			shellPath = /bin/sh;
			shellScript = "diff \"${PODS_ROOT}/../Podfile.lock\" \"${PODS_ROOT}/Manifest.lock\" > /dev/null\nif [[ $? != 0 ]] ; then\n    cat << EOM\nerror: The sandbox is not in sync with the Podfile.lock. Run 'pod install' or update your CocoaPods installation.\nEOM\n    exit 1\nfi\n";
			showEnvVarsInLog = 0;
		};
		A3C30C21C0A3077EE9A8E71F /* Copy Pods Resources */ = {
			isa = PBXShellScriptBuildPhase;
			buildActionMask = 2147483647;
			files = (
			);
			inputPaths = (
			);
			name = "Copy Pods Resources";
			outputPaths = (
			);
			runOnlyForDeploymentPostprocessing = 0;
			shellPath = /bin/sh;
			shellScript = "\"${SRCROOT}/Pods/Target Support Files/Pods/Pods-resources.sh\"\n";
			showEnvVarsInLog = 0;
		};
/* End PBXShellScriptBuildPhase section */

/* Begin PBXSourcesBuildPhase section */
		17DEB9CC1A4765BC00B7184A /* Sources */ = {
			isa = PBXSourcesBuildPhase;
			buildActionMask = 2147483647;
			files = (
				4A770A1B1AA3DA6D007F03C7 /* SRWebSocket.m in Sources */,
				176143E51A48CEDF0003C455 /* SettingsController.swift in Sources */,
				176143DD1A48AF650003C455 /* LoginController.swift in Sources */,
				4A4079201A9EBBA00002022A /* HTTPEndpoint.swift in Sources */,
				176143E71A48D01D0003C455 /* RoomController.swift in Sources */,
				17DEB9FC1A4789B600B7184A /* NavigationController.swift in Sources */,
				176143E31A48CBCE0003C455 /* AddController.swift in Sources */,
				4A770A251AA3DCC8007F03C7 /* SocketAckHandler.swift in Sources */,
				17DEB9F61A47696B00B7184A /* RoomList.swift in Sources */,
				17DEB9D81A4765BC00B7184A /* ViewController.swift in Sources */,
				4A4079221A9ECED80002022A /* UIUtil.swift in Sources */,
				4A770A261AA3DCC8007F03C7 /* SocketEvent.swift in Sources */,
				4A770A271AA3DCC8007F03C7 /* SocketEventHandler.swift in Sources */,
				17DEB9D61A4765BC00B7184A /* AppDelegate.swift in Sources */,
				4A770A291AA3DCC8007F03C7 /* SwiftRegex.swift in Sources */,
				176143E11A48C50E0003C455 /* RoomsTableViewController.swift in Sources */,
				4A770A281AA3DCC8007F03C7 /* SocketIOClient.swift in Sources */,
			);
			runOnlyForDeploymentPostprocessing = 0;
		};
		17DEB9E11A4765BC00B7184A /* Sources */ = {
			isa = PBXSourcesBuildPhase;
			buildActionMask = 2147483647;
			files = (
				17DEB9EC1A4765BC00B7184A /* AliveTests.swift in Sources */,
			);
			runOnlyForDeploymentPostprocessing = 0;
		};
/* End PBXSourcesBuildPhase section */

/* Begin PBXTargetDependency section */
		17DEB9E71A4765BC00B7184A /* PBXTargetDependency */ = {
			isa = PBXTargetDependency;
			target = 17DEB9CF1A4765BC00B7184A /* Alive */;
			targetProxy = 17DEB9E61A4765BC00B7184A /* PBXContainerItemProxy */;
		};
/* End PBXTargetDependency section */

/* Begin PBXVariantGroup section */
		17DEB9D91A4765BC00B7184A /* Main.storyboard */ = {
			isa = PBXVariantGroup;
			children = (
				17DEB9DA1A4765BC00B7184A /* Base */,
			);
			name = Main.storyboard;
			sourceTree = "<group>";
		};
		17DEB9DE1A4765BC00B7184A /* LaunchScreen.xib */ = {
			isa = PBXVariantGroup;
			children = (
				17DEB9DF1A4765BC00B7184A /* Base */,
			);
			name = LaunchScreen.xib;
			sourceTree = "<group>";
		};
/* End PBXVariantGroup section */

/* Begin XCBuildConfiguration section */
		17DEB9ED1A4765BC00B7184A /* Debug */ = {
			isa = XCBuildConfiguration;
			buildSettings = {
				ALWAYS_SEARCH_USER_PATHS = NO;
				CLANG_CXX_LANGUAGE_STANDARD = "gnu++0x";
				CLANG_CXX_LIBRARY = "libc++";
				CLANG_ENABLE_MODULES = YES;
				CLANG_ENABLE_OBJC_ARC = YES;
				CLANG_WARN_BOOL_CONVERSION = YES;
				CLANG_WARN_CONSTANT_CONVERSION = YES;
				CLANG_WARN_DIRECT_OBJC_ISA_USAGE = YES_ERROR;
				CLANG_WARN_EMPTY_BODY = YES;
				CLANG_WARN_ENUM_CONVERSION = YES;
				CLANG_WARN_INT_CONVERSION = YES;
				CLANG_WARN_OBJC_ROOT_CLASS = YES_ERROR;
				CLANG_WARN_UNREACHABLE_CODE = YES;
				CLANG_WARN__DUPLICATE_METHOD_MATCH = YES;
				"CODE_SIGN_IDENTITY[sdk=iphoneos*]" = "iPhone Developer";
				COPY_PHASE_STRIP = NO;
				ENABLE_STRICT_OBJC_MSGSEND = YES;
				GCC_C_LANGUAGE_STANDARD = gnu99;
				GCC_DYNAMIC_NO_PIC = NO;
				GCC_OPTIMIZATION_LEVEL = 0;
				GCC_PREPROCESSOR_DEFINITIONS = (
					"DEBUG=1",
					"$(inherited)",
				);
				GCC_SYMBOLS_PRIVATE_EXTERN = NO;
				GCC_WARN_64_TO_32_BIT_CONVERSION = YES;
				GCC_WARN_ABOUT_RETURN_TYPE = YES_ERROR;
				GCC_WARN_UNDECLARED_SELECTOR = YES;
				GCC_WARN_UNINITIALIZED_AUTOS = YES_AGGRESSIVE;
				GCC_WARN_UNUSED_FUNCTION = YES;
				GCC_WARN_UNUSED_VARIABLE = YES;
				IPHONEOS_DEPLOYMENT_TARGET = 8.1;
				MTL_ENABLE_DEBUG_INFO = YES;
				ONLY_ACTIVE_ARCH = YES;
				SDKROOT = iphoneos;
				SWIFT_OPTIMIZATION_LEVEL = "-Onone";
				TARGETED_DEVICE_FAMILY = "1,2";
			};
			name = Debug;
		};
		17DEB9EE1A4765BC00B7184A /* Release */ = {
			isa = XCBuildConfiguration;
			buildSettings = {
				ALWAYS_SEARCH_USER_PATHS = NO;
				CLANG_CXX_LANGUAGE_STANDARD = "gnu++0x";
				CLANG_CXX_LIBRARY = "libc++";
				CLANG_ENABLE_MODULES = YES;
				CLANG_ENABLE_OBJC_ARC = YES;
				CLANG_WARN_BOOL_CONVERSION = YES;
				CLANG_WARN_CONSTANT_CONVERSION = YES;
				CLANG_WARN_DIRECT_OBJC_ISA_USAGE = YES_ERROR;
				CLANG_WARN_EMPTY_BODY = YES;
				CLANG_WARN_ENUM_CONVERSION = YES;
				CLANG_WARN_INT_CONVERSION = YES;
				CLANG_WARN_OBJC_ROOT_CLASS = YES_ERROR;
				CLANG_WARN_UNREACHABLE_CODE = YES;
				CLANG_WARN__DUPLICATE_METHOD_MATCH = YES;
				"CODE_SIGN_IDENTITY[sdk=iphoneos*]" = "iPhone Developer";
				COPY_PHASE_STRIP = YES;
				ENABLE_NS_ASSERTIONS = NO;
				ENABLE_STRICT_OBJC_MSGSEND = YES;
				GCC_C_LANGUAGE_STANDARD = gnu99;
				GCC_WARN_64_TO_32_BIT_CONVERSION = YES;
				GCC_WARN_ABOUT_RETURN_TYPE = YES_ERROR;
				GCC_WARN_UNDECLARED_SELECTOR = YES;
				GCC_WARN_UNINITIALIZED_AUTOS = YES_AGGRESSIVE;
				GCC_WARN_UNUSED_FUNCTION = YES;
				GCC_WARN_UNUSED_VARIABLE = YES;
				IPHONEOS_DEPLOYMENT_TARGET = 8.1;
				MTL_ENABLE_DEBUG_INFO = NO;
				SDKROOT = iphoneos;
				TARGETED_DEVICE_FAMILY = "1,2";
				VALIDATE_PRODUCT = YES;
			};
			name = Release;
		};
		17DEB9F01A4765BC00B7184A /* Debug */ = {
			isa = XCBuildConfiguration;
			baseConfigurationReference = DA1A9A987489A54DF1855F51 /* Pods.debug.xcconfig */;
			buildSettings = {
				ASSETCATALOG_COMPILER_APPICON_NAME = AppIcon;
				CLANG_ENABLE_MODULES = YES;
				INFOPLIST_FILE = Alive/Info.plist;
				LD_RUNPATH_SEARCH_PATHS = "$(inherited) @executable_path/Frameworks";
				PRODUCT_NAME = "$(TARGET_NAME)";
				SWIFT_OBJC_BRIDGING_HEADER = "Alive/Alive-Bridging-Header.h";
				SWIFT_OPTIMIZATION_LEVEL = "-Onone";
			};
			name = Debug;
		};
		17DEB9F11A4765BC00B7184A /* Release */ = {
			isa = XCBuildConfiguration;
			baseConfigurationReference = 3919A5A194556FA183225DB1 /* Pods.release.xcconfig */;
			buildSettings = {
				ASSETCATALOG_COMPILER_APPICON_NAME = AppIcon;
				CLANG_ENABLE_MODULES = YES;
				INFOPLIST_FILE = Alive/Info.plist;
				LD_RUNPATH_SEARCH_PATHS = "$(inherited) @executable_path/Frameworks";
				PRODUCT_NAME = "$(TARGET_NAME)";
				SWIFT_OBJC_BRIDGING_HEADER = "Alive/Alive-Bridging-Header.h";
			};
			name = Release;
		};
		17DEB9F31A4765BC00B7184A /* Debug */ = {
			isa = XCBuildConfiguration;
			buildSettings = {
				BUNDLE_LOADER = "$(TEST_HOST)";
				FRAMEWORK_SEARCH_PATHS = (
					"$(SDKROOT)/Developer/Library/Frameworks",
					"$(inherited)",
				);
				GCC_PREPROCESSOR_DEFINITIONS = (
					"DEBUG=1",
					"$(inherited)",
				);
				INFOPLIST_FILE = AliveTests/Info.plist;
				LD_RUNPATH_SEARCH_PATHS = "$(inherited) @executable_path/Frameworks @loader_path/Frameworks";
				PRODUCT_NAME = "$(TARGET_NAME)";
				TEST_HOST = "$(BUILT_PRODUCTS_DIR)/Alive.app/Alive";
			};
			name = Debug;
		};
		17DEB9F41A4765BC00B7184A /* Release */ = {
			isa = XCBuildConfiguration;
			buildSettings = {
				BUNDLE_LOADER = "$(TEST_HOST)";
				FRAMEWORK_SEARCH_PATHS = (
					"$(SDKROOT)/Developer/Library/Frameworks",
					"$(inherited)",
				);
				INFOPLIST_FILE = AliveTests/Info.plist;
				LD_RUNPATH_SEARCH_PATHS = "$(inherited) @executable_path/Frameworks @loader_path/Frameworks";
				PRODUCT_NAME = "$(TARGET_NAME)";
				TEST_HOST = "$(BUILT_PRODUCTS_DIR)/Alive.app/Alive";
			};
			name = Release;
		};
/* End XCBuildConfiguration section */

/* Begin XCConfigurationList section */
		17DEB9CB1A4765BC00B7184A /* Build configuration list for PBXProject "alive" */ = {
			isa = XCConfigurationList;
			buildConfigurations = (
				17DEB9ED1A4765BC00B7184A /* Debug */,
				17DEB9EE1A4765BC00B7184A /* Release */,
			);
			defaultConfigurationIsVisible = 0;
			defaultConfigurationName = Release;
		};
		17DEB9EF1A4765BC00B7184A /* Build configuration list for PBXNativeTarget "Alive" */ = {
			isa = XCConfigurationList;
			buildConfigurations = (
				17DEB9F01A4765BC00B7184A /* Debug */,
				17DEB9F11A4765BC00B7184A /* Release */,
			);
			defaultConfigurationIsVisible = 0;
			defaultConfigurationName = Release;
		};
		17DEB9F21A4765BC00B7184A /* Build configuration list for PBXNativeTarget "AliveTests" */ = {
			isa = XCConfigurationList;
			buildConfigurations = (
				17DEB9F31A4765BC00B7184A /* Debug */,
				17DEB9F41A4765BC00B7184A /* Release */,
			);
			defaultConfigurationIsVisible = 0;
			defaultConfigurationName = Release;
		};
/* End XCConfigurationList section */
	};
	rootObject = 17DEB9C81A4765BC00B7184A /* Project object */;
}
